
Microsoft Visual Studio Solution File, Format Version 12.00
# Visual Studio Version 16
VisualStudioVersion = 16.0.29102.190
MinimumVisualStudioVersion = 10.0.40219.1
Project("{FAE04EC0-301F-11D3-BF4B-00C04F79EFBC}") = "Ensek", "Ensek\Ensek.csproj", "{9E47ABE6-1980-428C-BB92-86B1BD8E36B3}"
EndProject
Global
	GlobalSection(SolutionConfigurationPlatforms) = preSolution
		Debug|Any CPU = Debug|Any CPU
		Release|Any CPU = Release|Any CPU
	EndGlobalSection
	GlobalSection(ProjectConfigurationPlatforms) = postSolution
		{9E47ABE6-1980-428C-BB92-86B1BD8E36B3}.Debug|Any CPU.ActiveCfg = Debug|Any CPU
		{9E47ABE6-1980-428C-BB92-86B1BD8E36B3}.Debug|Any CPU.Build.0 = Debug|Any CPU
		{9E47ABE6-1980-428C-BB92-86B1BD8E36B3}.Release|Any CPU.ActiveCfg = Release|Any CPU
		{9E47ABE6-1980-428C-BB92-86B1BD8E36B3}.Release|Any CPU.Build.0 = Release|Any CPU
	EndGlobalSection
	GlobalSection(SolutionProperties) = preSolution
		HideSolutionNode = FALSE
	EndGlobalSection
	GlobalSection(ExtensibilityGlobals) = postSolution
		SolutionGuid = {D6A7D4B0-D201-484B-9BD5-FB92E034E59C}
	EndGlobalSection
EndGlobal
